
Microsoft Visual Studio Solution File, Format Version 12.00
Project("{FAE04EC0-301F-11D3-BF4B-00C04F79EFBC}") = "Reski", "Reski\Reski.csproj", "{2098FF0D-14AD-49D4-B259-642BE1A9D8D4}"
EndProject
Project("{2150E333-8FDC-42A3-9474-1A3956D46DE8}") = "src", "src", "{73FA8B49-83B9-46AD-9645-AECAD273CAE2}"
EndProject
Project("{2150E333-8FDC-42A3-9474-1A3956D46DE8}") = "tests", "tests", "{57EC26BA-A086-4032-AB80-789441BCDA3B}"
EndProject
Project("{FAE04EC0-301F-11D3-BF4B-00C04F79EFBC}") = "ReskiTests", "ReskiTests\ReskiTests.csproj", "{B8474113-E6E6-4EF0-87A7-45A777F8D535}"
EndProject
Global
	GlobalSection(SolutionConfigurationPlatforms) = preSolution
		Debug|Any CPU = Debug|Any CPU
		Release|Any CPU = Release|Any CPU
	EndGlobalSection
	GlobalSection(ProjectConfigurationPlatforms) = postSolution
		{2098FF0D-14AD-49D4-B259-642BE1A9D8D4}.Debug|Any CPU.ActiveCfg = Debug|Any CPU
		{2098FF0D-14AD-49D4-B259-642BE1A9D8D4}.Debug|Any CPU.Build.0 = Debug|Any CPU
		{2098FF0D-14AD-49D4-B259-642BE1A9D8D4}.Release|Any CPU.ActiveCfg = Release|Any CPU
		{2098FF0D-14AD-49D4-B259-642BE1A9D8D4}.Release|Any CPU.Build.0 = Release|Any CPU
		{B8474113-E6E6-4EF0-87A7-45A777F8D535}.Debug|Any CPU.ActiveCfg = Debug|Any CPU
		{B8474113-E6E6-4EF0-87A7-45A777F8D535}.Debug|Any CPU.Build.0 = Debug|Any CPU
		{B8474113-E6E6-4EF0-87A7-45A777F8D535}.Release|Any CPU.ActiveCfg = Release|Any CPU
		{B8474113-E6E6-4EF0-87A7-45A777F8D535}.Release|Any CPU.Build.0 = Release|Any CPU
	EndGlobalSection
	GlobalSection(NestedProjects) = preSolution
		{2098FF0D-14AD-49D4-B259-642BE1A9D8D4} = {73FA8B49-83B9-46AD-9645-AECAD273CAE2}
		{B8474113-E6E6-4EF0-87A7-45A777F8D535} = {57EC26BA-A086-4032-AB80-789441BCDA3B}
	EndGlobalSection
EndGlobal
